
Microsoft Visual Studio Solution File, Format Version 12.00
# Visual Studio Version 16
VisualStudioVersion = 16.0.30523.141
MinimumVisualStudioVersion = 10.0.40219.1
Project("{9A19103F-16F7-4668-BE54-9A1E7A4F7556}") = "Core", "ArarGame\Core.csproj", "{01AF7770-5FB6-488D-82D7-BEB897DA1434}"
EndProject
Project("{9A19103F-16F7-4668-BE54-9A1E7A4F7556}") = "XUnitTest", "XUnitTest\XUnitTest.csproj", "{5E35E357-4BDB-41D1-BF8F-BF3E69C1AE81}"
EndProject
Project("{9A19103F-16F7-4668-BE54-9A1E7A4F7556}") = "ValueHistoryManagement", "ValueHistoryManagement\ValueHistoryManagement.csproj", "{995F6957-2C28-456A-8A18-8EF3F296D7A3}"
EndProject
Project("{9A19103F-16F7-4668-BE54-9A1E7A4F7556}") = "FileManagement", "FileManagement\FileManagement.csproj", "{56559B76-E61D-49B9-87CB-E355EAEBFEDF}"
EndProject
Project("{9A19103F-16F7-4668-BE54-9A1E7A4F7556}") = "LogManagement", "LogManagement\LogManagement.csproj", "{C16F6CB9-CC6B-4E81-AA0C-A1724AD196E2}"
EndProject
Project("{9A19103F-16F7-4668-BE54-9A1E7A4F7556}") = "MailManagement", "MailManagement\MailManagement.csproj", "{BAB3D87B-2B65-4431-8FE8-C916EB67006E}"
EndProject
Project("{9A19103F-16F7-4668-BE54-9A1E7A4F7556}") = "ViewManagement", "ViewManagement\ViewManagement.csproj", "{4458294C-6B13-434F-9759-A0F643758CDF}"
EndProject
Project("{FAE04EC0-301F-11D3-BF4B-00C04F79EFBC}") = "DatabaseManagement", "DatabaseManagement\DatabaseManagement.csproj", "{55E75D49-A8D8-4485-AC3C-B8ED6DEC9294}"
EndProject
Global
	GlobalSection(SolutionConfigurationPlatforms) = preSolution
		Debug|Any CPU = Debug|Any CPU
		Release|Any CPU = Release|Any CPU
	EndGlobalSection
	GlobalSection(ProjectConfigurationPlatforms) = postSolution
		{01AF7770-5FB6-488D-82D7-BEB897DA1434}.Debug|Any CPU.ActiveCfg = Debug|Any CPU
		{01AF7770-5FB6-488D-82D7-BEB897DA1434}.Debug|Any CPU.Build.0 = Debug|Any CPU
		{01AF7770-5FB6-488D-82D7-BEB897DA1434}.Release|Any CPU.ActiveCfg = Release|Any CPU
		{01AF7770-5FB6-488D-82D7-BEB897DA1434}.Release|Any CPU.Build.0 = Release|Any CPU
		{5E35E357-4BDB-41D1-BF8F-BF3E69C1AE81}.Debug|Any CPU.ActiveCfg = Debug|Any CPU
		{5E35E357-4BDB-41D1-BF8F-BF3E69C1AE81}.Debug|Any CPU.Build.0 = Debug|Any CPU
		{5E35E357-4BDB-41D1-BF8F-BF3E69C1AE81}.Release|Any CPU.ActiveCfg = Release|Any CPU
		{5E35E357-4BDB-41D1-BF8F-BF3E69C1AE81}.Release|Any CPU.Build.0 = Release|Any CPU
		{995F6957-2C28-456A-8A18-8EF3F296D7A3}.Debug|Any CPU.ActiveCfg = Debug|Any CPU
		{995F6957-2C28-456A-8A18-8EF3F296D7A3}.Debug|Any CPU.Build.0 = Debug|Any CPU
		{995F6957-2C28-456A-8A18-8EF3F296D7A3}.Release|Any CPU.ActiveCfg = Release|Any CPU
		{995F6957-2C28-456A-8A18-8EF3F296D7A3}.Release|Any CPU.Build.0 = Release|Any CPU
		{56559B76-E61D-49B9-87CB-E355EAEBFEDF}.Debug|Any CPU.ActiveCfg = Debug|Any CPU
		{56559B76-E61D-49B9-87CB-E355EAEBFEDF}.Debug|Any CPU.Build.0 = Debug|Any CPU
		{56559B76-E61D-49B9-87CB-E355EAEBFEDF}.Release|Any CPU.ActiveCfg = Release|Any CPU
		{56559B76-E61D-49B9-87CB-E355EAEBFEDF}.Release|Any CPU.Build.0 = Release|Any CPU
		{C16F6CB9-CC6B-4E81-AA0C-A1724AD196E2}.Debug|Any CPU.ActiveCfg = Debug|Any CPU
		{C16F6CB9-CC6B-4E81-AA0C-A1724AD196E2}.Debug|Any CPU.Build.0 = Debug|Any CPU
		{C16F6CB9-CC6B-4E81-AA0C-A1724AD196E2}.Release|Any CPU.ActiveCfg = Release|Any CPU
		{C16F6CB9-CC6B-4E81-AA0C-A1724AD196E2}.Release|Any CPU.Build.0 = Release|Any CPU
		{BAB3D87B-2B65-4431-8FE8-C916EB67006E}.Debug|Any CPU.ActiveCfg = Debug|Any CPU
		{BAB3D87B-2B65-4431-8FE8-C916EB67006E}.Debug|Any CPU.Build.0 = Debug|Any CPU
		{BAB3D87B-2B65-4431-8FE8-C916EB67006E}.Release|Any CPU.ActiveCfg = Release|Any CPU
		{BAB3D87B-2B65-4431-8FE8-C916EB67006E}.Release|Any CPU.Build.0 = Release|Any CPU
		{4458294C-6B13-434F-9759-A0F643758CDF}.Debug|Any CPU.ActiveCfg = Debug|Any CPU
		{4458294C-6B13-434F-9759-A0F643758CDF}.Debug|Any CPU.Build.0 = Debug|Any CPU
		{4458294C-6B13-434F-9759-A0F643758CDF}.Release|Any CPU.ActiveCfg = Release|Any CPU
		{4458294C-6B13-434F-9759-A0F643758CDF}.Release|Any CPU.Build.0 = Release|Any CPU
		{55E75D49-A8D8-4485-AC3C-B8ED6DEC9294}.Debug|Any CPU.ActiveCfg = Debug|Any CPU
		{55E75D49-A8D8-4485-AC3C-B8ED6DEC9294}.Debug|Any CPU.Build.0 = Debug|Any CPU
		{55E75D49-A8D8-4485-AC3C-B8ED6DEC9294}.Release|Any CPU.ActiveCfg = Release|Any CPU
		{55E75D49-A8D8-4485-AC3C-B8ED6DEC9294}.Release|Any CPU.Build.0 = Release|Any CPU
	EndGlobalSection
	GlobalSection(SolutionProperties) = preSolution
		HideSolutionNode = FALSE
	EndGlobalSection
	GlobalSection(ExtensibilityGlobals) = postSolution
		SolutionGuid = {91E10968-2B6E-4E20-8C27-AEE15BA9FD06}
	EndGlobalSection
EndGlobal
